
Microsoft Visual Studio Solution File, Format Version 12.00
# Visual Studio Version 17
VisualStudioVersion = 17.8.34322.80
MinimumVisualStudioVersion = 10.0.40219.1
Project("{FAE04EC0-301F-11D3-BF4B-00C04F79EFBC}") = "Nhom5", "Lab6\Nhom5.csproj", "{A42580F3-8C94-4C5C-8271-6C9AD0D1019B}"
EndProject
Global
	GlobalSection(SolutionConfigurationPlatforms) = preSolution
		Debug|Any CPU = Debug|Any CPU
		Release|Any CPU = Release|Any CPU
	EndGlobalSection
	GlobalSection(ProjectConfigurationPlatforms) = postSolution
		{A42580F3-8C94-4C5C-8271-6C9AD0D1019B}.Debug|Any CPU.ActiveCfg = Debug|Any CPU
		{A42580F3-8C94-4C5C-8271-6C9AD0D1019B}.Debug|Any CPU.Build.0 = Debug|Any CPU
		{A42580F3-8C94-4C5C-8271-6C9AD0D1019B}.Release|Any CPU.ActiveCfg = Release|Any CPU
		{A42580F3-8C94-4C5C-8271-6C9AD0D1019B}.Release|Any CPU.Build.0 = Release|Any CPU
	EndGlobalSection
	GlobalSection(SolutionProperties) = preSolution
		HideSolutionNode = FALSE
	EndGlobalSection
	GlobalSection(ExtensibilityGlobals) = postSolution
		SolutionGuid = {606FB02E-AD27-4324-9FCC-5751F68224EE}
	EndGlobalSection
EndGlobal
